Microsoft Visual Studio Solution File, Format Version 12.00
# Visual Studio Version 17
VisualStudioVersion = 17.5.2.0
MinimumVisualStudioVersion = 10.0.40219.1
Project("{FAE04EC0-301F-11D3-BF4B-00C04F79EFBC}") = "LogMan", "LogMan.csproj", "{CD40E957-77A8-2F49-AC51-439E9CD911CE}"
EndProject
Global
	GlobalSection(SolutionConfigurationPlatforms) = preSolution
		Debug|Any CPU = Debug|Any CPU
		Release|Any CPU = Release|Any CPU
	EndGlobalSection
	GlobalSection(ProjectConfigurationPlatforms) = postSolution
		{CD40E957-77A8-2F49-AC51-439E9CD911CE}.Debug|Any CPU.ActiveCfg = Debug|Any CPU
		{CD40E957-77A8-2F49-AC51-439E9CD911CE}.Debug|Any CPU.Build.0 = Debug|Any CPU
		{CD40E957-77A8-2F49-AC51-439E9CD911CE}.Release|Any CPU.ActiveCfg = Release|Any CPU
		{CD40E957-77A8-2F49-AC51-439E9CD911CE}.Release|Any CPU.Build.0 = Release|Any CPU
	EndGlobalSection
	GlobalSection(SolutionProperties) = preSolution
		HideSolutionNode = FALSE
	EndGlobalSection
	GlobalSection(ExtensibilityGlobals) = postSolution
		SolutionGuid = {F1586426-A6AD-4858-9A77-857DE4245357}
	EndGlobalSection
EndGlobal
